<?xml version="1.0" encoding="utf-8"?>
<Project ToolsVersion="4.0" xmlns="http://schemas.microsoft.com/developer/msbuild/2003">
  <ItemGroup>
    <Filter Include="Source Files">
      <UniqueIdentifier>{4FC737F1-C7A5-4376-A066-2A32D752A2FF}</UniqueIdentifier>
      <Extensions>cpp;c;cc;cxx;c++;cppm;ixx;def;odl;idl;hpj;bat;asm;asmx</Extensions>
    </Filter>
    <Filter Include="Header Files">
      <UniqueIdentifier>{93995380-89BD-4b04-88EB-625FBE52EBFB}</UniqueIdentifier>
      <Extensions>h;hh;hpp;hxx;h++;hm;inl;inc;ipp;xsd</Extensions>
    </Filter>
    <Filter Include="Resource Files">
      <UniqueIdentifier>{67DA6AB6-F800-4c08-8B7A-83BB121AAD01}</UniqueIdentifier>
      <Extensions>rc;ico;cur;bmp;dlg;rc2;rct;bin;rgs;gif;jpg;jpeg;jpe;resx;tiff;tif;png;wav;mfcribbon-ms</Extensions>
    </Filter>
    <Filter Include="Source Files\ImGui&amp;Extras.cpp">
      <UniqueIdentifier>{4142e4cf-4d15-4ec8-88e3-ff8c3e4165e7}</UniqueIdentifier>
    </Filter>
    <Filter Include="Header Files\ImGui&amp;Extras.h">
      <UniqueIdentifier>{827ef45a-cd83-4396-8fff-0fb42279fd13}</UniqueIdentifier>
    </Filter>
    <Filter Include="Header Files\EC Parts.h">
      <UniqueIdentifier>{111ba313-a0fd-49fb-8681-bc20f032cf70}</UniqueIdentifier>
    </Filter>
    <Filter Include="Header Files\Render.h">
      <UniqueIdentifier>{9bee679c-92e5-4094-9be2-e030035cba1c}</UniqueIdentifier>
    </Filter>
    <Filter Include="Header Files\Systems.h">
      <UniqueIdentifier>{9e2b5a33-7ca8-48c9-88fb-051d64436a6e}</UniqueIdentifier>
    </Filter>
    <Filter Include="Source Files\Render.cpp">
      <UniqueIdentifier>{68722ca1-0769-4166-988d-e6c1fbea7917}</UniqueIdentifier>
    </Filter>
    <Filter Include="Source Files\Systems">
      <UniqueIdentifier>{e62192d9-7bbd-419a-aee3-38e3f935aedd}</UniqueIdentifier>
    </Filter>
  </ItemGroup>
  <ItemGroup>
    <ClInclude Include="CollisionSystem.h">
      <Filter>Header Files\Systems.h</Filter>
    </ClInclude>
    <ClInclude Include="FlockingSystem.h">
      <Filter>Header Files\Systems.h</Filter>
    </ClInclude>
    <ClInclude Include="FlockingTypes.h">
      <Filter>Header Files\Systems.h</Filter>
    </ClInclude>
    <ClInclude Include="imgui\imgui_impl_glfw.h">
      <Filter>Header Files\ImGui&amp;Extras.h</Filter>
    </ClInclude>
    <ClInclude Include="imgui\imgui_impl_vulkan.h">
      <Filter>Header Files\ImGui&amp;Extras.h</Filter>
    </ClInclude>
    <ClInclude Include="imgui\imgui_internal.h">
      <Filter>Header Files\ImGui&amp;Extras.h</Filter>
    </ClInclude>
    <ClInclude Include="imgui\imstb_rectpack.h">
      <Filter>Header Files\ImGui&amp;Extras.h</Filter>
    </ClInclude>
    <ClInclude Include="imgui\imstb_textedit.h">
      <Filter>Header Files\ImGui&amp;Extras.h</Filter>
    </ClInclude>
    <ClInclude Include="imgui\imstb_truetype.h">
      <Filter>Header Files\ImGui&amp;Extras.h</Filter>
    </ClInclude>
    <ClInclude Include="imgui\imgui.h">
      <Filter>Header Files\ImGui&amp;Extras.h</Filter>
    </ClInclude>
    <ClInclude Include="imgui\imconfig.h">
      <Filter>Header Files\ImGui&amp;Extras.h</Filter>
    </ClInclude>
    <ClInclude Include="LoopController.h">
      <Filter>Header Files\Systems.h</Filter>
    </ClInclude>
    <ClInclude Include="NetAddress.h">
      <Filter>Header Files\Systems.h</Filter>
    </ClInclude>
    <ClInclude Include="PeerConfig.h">
      <Filter>Header Files\Systems.h</Filter>
    </ClInclude>
    <ClInclude Include="Renderer.h">
      <Filter>Header Files\Render.h</Filter>
    </ClInclude>
    <ClInclude Include="RendererParticles.h">
      <Filter>Header Files\Render.h</Filter>
    </ClInclude>
    <ClInclude Include="RenderResources.h">
      <Filter>Header Files\Render.h</Filter>
    </ClInclude>
    <ClInclude Include="RenderScene.h">
      <Filter>Header Files\Render.h</Filter>
    </ClInclude>
    <ClInclude Include="RenderSystem.h">
      <Filter>Header Files\Render.h</Filter>
    </ClInclude>
    <ClInclude Include="PhysicsSystem.h">
      <Filter>Header Files\Systems.h</Filter>
    </ClInclude>
    <ClInclude Include="Vertex.h">
      <Filter>Header Files\Render.h</Filter>
    </ClInclude>
    <ClInclude Include="stb_image.h">
      <Filter>Header Files\ImGui&amp;Extras.h</Filter>
    </ClInclude>
    <ClInclude Include="ThreadUtils.h">
      <Filter>Header Files\Systems.h</Filter>
    </ClInclude>
    <ClInclude Include="ObjLoader.h">
      <Filter>Header Files\Systems.h</Filter>
    </ClInclude>
    <ClInclude Include="WorldSnapshot.h">
      <Filter>Header Files\Render.h</Filter>
    </ClInclude>
    <ClInclude Include="ComponentPool.h">
      <Filter>Header Files\EC Parts.h</Filter>
    </ClInclude>
    <ClInclude Include="Components.h">
      <Filter>Header Files\EC Parts.h</Filter>
    </ClInclude>
    <ClInclude Include="EcsTypes.h">
      <Filter>Header Files\EC Parts.h</Filter>
    </ClInclude>
    <ClInclude Include="World.h">
      <Filter>Header Files\EC Parts.h</Filter>
    </ClInclude>
    <ClInclude Include="PipelineCommon.h">
      <Filter>Header Files\Render.h</Filter>
    </ClInclude>
    <ClInclude Include="Scenario.h">
      <Filter>Header Files\EC Parts.h</Filter>
    </ClInclude>
    <ClInclude Include="Scenario_PrimitiveScene.h">
      <Filter>Header Files\EC Parts.h</Filter>
    </ClInclude>
    <ClInclude Include="Scenario_FlockingDemo.h">
      <Filter>Header Files\EC Parts.h</Filter>
    </ClInclude>
    <ClInclude Include="ScenarioManager.h">
      <Filter>Header Files\EC Parts.h</Filter>
    </ClInclude>
    <ClInclude Include="NetProtocol.h">
      <Filter>Header Files\Systems.h</Filter>
    </ClInclude>
    <ClInclude Include="UdpSocket.h">
      <Filter>Header Files\Systems.h</Filter>
    </ClInclude>
    <ClInclude Include="NetPeer.h">
      <Filter>Header Files\Systems.h</Filter>
    </ClInclude>
    <ClInclude Include="Scenario_FlatbufferScene.h">
      <Filter>Header Files</Filter>
    </ClInclude>
    <ClInclude Include="NetworkingSystem.h">
      <Filter>Header Files\Systems.h</Filter>
    </ClInclude>
  </ItemGroup>
  <ItemGroup>
    <ClCompile Include="Main.cpp">
      <Filter>Source Files</Filter>
    </ClCompile>
    <ClCompile Include="NetAddress.cpp">
      <Filter>Source Files\Systems</Filter>
    </ClCompile>
    <ClCompile Include="ObjLoader.cpp">
      <Filter>Source Files</Filter>
    </ClCompile>
    <ClCompile Include="PeerConfig.cpp">
      <Filter>Source Files\Systems</Filter>
    </ClCompile>
    <ClCompile Include="ScenarioManager.cpp">
      <Filter>Source Files</Filter>
    </ClCompile>
    <ClCompile Include="SandboxSceneOne.cpp">
      <Filter>Source Files</Filter>
    </ClCompile>
    <ClCompile Include="Scenario_PrimitiveScene.cpp">
      <Filter>Source Files</Filter>
    </ClCompile>
    <ClCompile Include="Scenario_FlockingDemo.cpp">
      <Filter>Source Files</Filter>
    </ClCompile>
    <ClCompile Include="imgui\imgui.cpp">
      <Filter>Source Files\ImGui&amp;Extras.cpp</Filter>
    </ClCompile>
    <ClCompile Include="imgui\imgui_demo.cpp">
      <Filter>Source Files\ImGui&amp;Extras.cpp</Filter>
    </ClCompile>
    <ClCompile Include="imgui\imgui_draw.cpp">
      <Filter>Source Files\ImGui&amp;Extras.cpp</Filter>
    </ClCompile>
    <ClCompile Include="imgui\imgui_impl_glfw.cpp">
      <Filter>Source Files\ImGui&amp;Extras.cpp</Filter>
    </ClCompile>
    <ClCompile Include="imgui\imgui_impl_vulkan.cpp">
      <Filter>Source Files\ImGui&amp;Extras.cpp</Filter>
    </ClCompile>
    <ClCompile Include="imgui\imgui_tables.cpp">
      <Filter>Source Files\ImGui&amp;Extras.cpp</Filter>
    </ClCompile>
    <ClCompile Include="imgui\imgui_widgets.cpp">
      <Filter>Source Files\ImGui&amp;Extras.cpp</Filter>
    </ClCompile>
    <ClCompile Include="RenderSystem.cpp">
      <Filter>Source Files\Render.cpp</Filter>
    </ClCompile>
    <ClCompile Include="Renderer.cpp">
      <Filter>Source Files\Render.cpp</Filter>
    </ClCompile>
    <ClCompile Include="RendererParticles.cpp">
      <Filter>Source Files\Render.cpp</Filter>
    </ClCompile>
    <ClCompile Include="RenderGlobe.cpp">
      <Filter>Source Files\Render.cpp</Filter>
    </ClCompile>
    <ClCompile Include="UdpSocket.cpp">
      <Filter>Source Files\Systems</Filter>
    </ClCompile>
    <ClCompile Include="NetworkingSystem.cpp">
      <Filter>Source Files\Systems</Filter>
    </ClCompile>
    <ClCompile Include="FlockingSystem.cpp">
      <Filter>Source Files\Systems</Filter>
    </ClCompile>
    <ClCompile Include="Scenario_FlatbufferScene.cpp">
      <Filter>Source Files</Filter>
    </ClCompile>
  </ItemGroup>
</Project>
